// !$*UTF8*$!
{
	archiveVersion = 1;
	classes = {
	};
	objectVersion = 50;
	objects = {

/* Begin PBXBuildFile section */
		1809D47C2079F358006DEB88 /* AppDelegate.swift in Sources */ = {isa = PBXBuildFile; fileRef = 1809D47B2079F358006DEB88 /* AppDelegate.swift */; };
		1809D47E2079F358006DEB88 /* ViewController.swift in Sources */ = {isa = PBXBuildFile; fileRef = 1809D47D2079F358006DEB88 /* ViewController.swift */; };
		1809D4812079F358006DEB88 /* Main.storyboard in Resources */ = {isa = PBXBuildFile; fileRef = 1809D47F2079F358006DEB88 /* Main.storyboard */; };
		1809D4832079F359006DEB88 /* Assets.xcassets in Resources */ = {isa = PBXBuildFile; fileRef = 1809D4822079F359006DEB88 /* Assets.xcassets */; };
		1809D4862079F359006DEB88 /* LaunchScreen.storyboard in Resources */ = {isa = PBXBuildFile; fileRef = 1809D4842079F359006DEB88 /* LaunchScreen.storyboard */; };
		6E9AC94F18B926F21CC6E1A1 /* Pods_YogaDemo.framework in Frameworks */ = {isa = PBXBuildFile; fileRef = 4225CA754CC3B6934FCFC3F6 /* Pods_YogaDemo.framework */; };
/* End PBXBuildFile section */

/* Begin PBXContainerItemProxy section */
		1809D491207A06FE006DEB88 /* PBXContainerItemProxy */ = {
			isa = PBXContainerItemProxy;
			containerPortal = 1809D48D207A06FE006DEB88 /* YogaKit.xcodeproj */;
			proxyType = 2;
			remoteGlobalIDString = 7E7515E81E2FAF660039706F;
			remoteInfo = YogaKit;
		};
/* End PBXContainerItemProxy section */

/* Begin PBXFileReference section */
		1809D4782079F358006DEB88 /* YogaDemo.app */ = {isa = PBXFileReference; explicitFileType = wrapper.application; includeInIndex = 0; path = YogaDemo.app; sourceTree = BUILT_PRODUCTS_DIR; };
		1809D47B2079F358006DEB88 /* AppDelegate.swift */ = {isa = PBXFileReference; lastKnownFileType = sourcecode.swift; path = AppDelegate.swift; sourceTree = "<group>"; };
		1809D47D2079F358006DEB88 /* ViewController.swift */ = {isa = PBXFileReference; lastKnownFileType = sourcecode.swift; path = ViewController.swift; sourceTree = "<group>"; };
		1809D4802079F358006DEB88 /* Base */ = {isa = PBXFileReference; lastKnownFileType = file.storyboard; name = Base; path = Base.lproj/Main.storyboard; sourceTree = "<group>"; };
		1809D4822079F359006DEB88 /* Assets.xcassets */ = {isa = PBXFileReference; lastKnownFileType = folder.assetcatalog; path = Assets.xcassets; sourceTree = "<group>"; };
		1809D4852079F359006DEB88 /* Base */ = {isa = PBXFileReference; lastKnownFileType = file.storyboard; name = Base; path = Base.lproj/LaunchScreen.storyboard; sourceTree = "<group>"; };
		1809D4872079F359006DEB88 /* Info.plist */ = {isa = PBXFileReference; lastKnownFileType = text.plist.xml; path = Info.plist; sourceTree = "<group>"; };
		1809D48D207A06FE006DEB88 /* YogaKit.xcodeproj */ = {isa = PBXFileReference; lastKnownFileType = "wrapper.pb-project"; name = YogaKit.xcodeproj; path = YogaKit/YogaKit.xcodeproj; sourceTree = "<group>"; };
		414481F855BEE27C80E05951 /* Pods-YogaDemo.release.xcconfig */ = {isa = PBXFileReference; includeInIndex = 1; lastKnownFileType = text.xcconfig; name = "Pods-YogaDemo.release.xcconfig"; path = "Pods/Target Support Files/Pods-YogaDemo/Pods-YogaDemo.release.xcconfig"; sourceTree = "<group>"; };
		4225CA754CC3B6934FCFC3F6 /* Pods_YogaDemo.framework */ = {isa = PBXFileReference; explicitFileType = wrapper.framework; includeInIndex = 0; path = Pods_YogaDemo.framework; sourceTree = BUILT_PRODUCTS_DIR; };
		7D99E087E87709E30ACE466C /* Pods-YogaDemo.debug.xcconfig */ = {isa = PBXFileReference; includeInIndex = 1; lastKnownFileType = text.xcconfig; name = "Pods-YogaDemo.debug.xcconfig"; path = "Pods/Target Support Files/Pods-YogaDemo/Pods-YogaDemo.debug.xcconfig"; sourceTree = "<group>"; };
/* End PBXFileReference section */

/* Begin PBXFrameworksBuildPhase section */
		1809D4752079F358006DEB88 /* Frameworks */ = {
			isa = PBXFrameworksBuildPhase;
			buildActionMask = 2147483647;
			files = (
				6E9AC94F18B926F21CC6E1A1 /* Pods_YogaDemo.framework in Frameworks */,
			);
			runOnlyForDeploymentPostprocessing = 0;
		};
/* End PBXFrameworksBuildPhase section */

/* Begin PBXGroup section */
		1809D46F2079F358006DEB88 = {
			isa = PBXGroup;
			children = (
				1809D48D207A06FE006DEB88 /* YogaKit.xcodeproj */,
				1809D47A2079F358006DEB88 /* YogaDemo */,
				1809D4792079F358006DEB88 /* Products */,
				7F4DE22AF802DD40E54E0387 /* Pods */,
				8676778FDD293E1B373B8C5E /* Frameworks */,
			);
			sourceTree = "<group>";
		};
		1809D4792079F358006DEB88 /* Products */ = {
			isa = PBXGroup;
			children = (
				1809D4782079F358006DEB88 /* YogaDemo.app */,
			);
			name = Products;
			sourceTree = "<group>";
		};
		1809D47A2079F358006DEB88 /* YogaDemo */ = {
			isa = PBXGroup;
			children = (
				1809D47B2079F358006DEB88 /* AppDelegate.swift */,
				1809D47D2079F358006DEB88 /* ViewController.swift */,
				1809D47F2079F358006DEB88 /* Main.storyboard */,
				1809D4822079F359006DEB88 /* Assets.xcassets */,
				1809D4842079F359006DEB88 /* LaunchScreen.storyboard */,
				1809D4872079F359006DEB88 /* Info.plist */,
			);
			path = YogaDemo;
			sourceTree = "<group>";
		};
		1809D48E207A06FE006DEB88 /* Products */ = {
			isa = PBXGroup;
			children = (
				1809D492207A06FE006DEB88 /* YogaKit.framework */,
			);
			name = Products;
			sourceTree = "<group>";
		};
		7F4DE22AF802DD40E54E0387 /* Pods */ = {
			isa = PBXGroup;
			children = (
				7D99E087E87709E30ACE466C /* Pods-YogaDemo.debug.xcconfig */,
				414481F855BEE27C80E05951 /* Pods-YogaDemo.release.xcconfig */,
			);
			name = Pods;
			sourceTree = "<group>";
		};
		8676778FDD293E1B373B8C5E /* Frameworks */ = {
			isa = PBXGroup;
			children = (
				4225CA754CC3B6934FCFC3F6 /* Pods_YogaDemo.framework */,
			);
			name = Frameworks;
			sourceTree = "<group>";
		};
/* End PBXGroup section */

/* Begin PBXNativeTarget section */
		1809D4772079F358006DEB88 /* YogaDemo */ = {
			isa = PBXNativeTarget;
			buildConfigurationList = 1809D48A2079F359006DEB88 /* Build configuration list for PBXNativeTarget "YogaDemo" */;
			buildPhases = (
				C471D726C35EF0DF16F7D14B /* [CP] Check Pods Manifest.lock */,
				1809D4742079F358006DEB88 /* Sources */,
				1809D4752079F358006DEB88 /* Frameworks */,
				1809D4762079F358006DEB88 /* Resources */,
			);
			buildRules = (
			);
			dependencies = (
			);
			name = YogaDemo;
			productName = YogaDemo;
			productReference = 1809D4782079F358006DEB88 /* YogaDemo.app */;
			productType = "com.apple.product-type.application";
		};
/* End PBXNativeTarget section */

/* Begin PBXProject section */
		1809D4702079F358006DEB88 /* Project object */ = {
			isa = PBXProject;
			attributes = {
				LastSwiftUpdateCheck = 0930;
				LastUpgradeCheck = 0930;
				ORGANIZATIONNAME = Pszertlek;
				TargetAttributes = {
					1809D4772079F358006DEB88 = {
						CreatedOnToolsVersion = 9.3;
					};
				};
			};
			buildConfigurationList = 1809D4732079F358006DEB88 /* Build configuration list for PBXProject "YogaDemo" */;
			compatibilityVersion = "Xcode 9.3";
			developmentRegion = en;
			hasScannedForEncodings = 0;
			knownRegions = (
				en,
				Base,
			);
			mainGroup = 1809D46F2079F358006DEB88;
			productRefGroup = 1809D4792079F358006DEB88 /* Products */;
			projectDirPath = "";
			projectReferences = (
				{
					ProductGroup = 1809D48E207A06FE006DEB88 /* Products */;
					ProjectRef = 1809D48D207A06FE006DEB88 /* YogaKit.xcodeproj */;
				},
			);
			projectRoot = "";
			targets = (
				1809D4772079F358006DEB88 /* YogaDemo */,
			);
		};
/* End PBXProject section */

/* Begin PBXReferenceProxy section */
		1809D492207A06FE006DEB88 /* YogaKit.framework */ = {
			isa = PBXReferenceProxy;
			fileType = wrapper.framework;
			path = YogaKit.framework;
			remoteRef = 1809D491207A06FE006DEB88 /* PBXContainerItemProxy */;
			sourceTree = BUILT_PRODUCTS_DIR;
		};
/* End PBXReferenceProxy section */

/* Begin PBXResourcesBuildPhase section */
		1809D4762079F358006DEB88 /* Resources */ = {
			isa = PBXResourcesBuildPhase;
			buildActionMask = 2147483647;
			files = (
				1809D4862079F359006DEB88 /* LaunchScreen.storyboard in Resources */,
				1809D4832079F359006DEB88 /* Assets.xcassets in Resources */,
				1809D4812079F358006DEB88 /* Main.storyboard in Resources */,
			);
			runOnlyForDeploymentPostprocessing = 0;
		};
/* End PBXResourcesBuildPhase section */

/* Begin PBXShellScriptBuildPhase section */
		C471D726C35EF0DF16F7D14B /* [CP] Check Pods Manifest.lock */ = {
			isa = PBXShellScriptBuildPhase;
			buildActionMask = 2147483647;
			files = (
			);
			inputPaths = (
				"${PODS_PODFILE_DIR_PATH}/Podfile.lock",
				"${PODS_ROOT}/Manifest.lock",
			);
			name = "[CP] Check Pods Manifest.lock";
			outputPaths = (
				"$(DERIVED_FILE_DIR)/Pods-YogaDemo-checkManifestLockResult.txt",
			);
			runOnlyForDeploymentPostprocessing = 0;
			shellPath = /bin/sh;
			shellScript = "diff \"${PODS_PODFILE_DIR_PATH}/Podfile.lock\" \"${PODS_ROOT}/Manifest.lock\" > /dev/null\nif [ $? != 0 ] ; then\n    # print error to STDERR\n    echo \"error: The sandbox is not in sync with the Podfile.lock. Run 'pod install' or update your CocoaPods installation.\" >&2\n    exit 1\nfi\n# This output is used by Xcode 'outputs' to avoid re-running this script phase.\necho \"SUCCESS\" > \"${SCRIPT_OUTPUT_FILE_0}\"\n";
			showEnvVarsInLog = 0;
		};
/* End PBXShellScriptBuildPhase section */

/* Begin PBXSourcesBuildPhase section */
		1809D4742079F358006DEB88 /* Sources */ = {
			isa = PBXSourcesBuildPhase;
			buildActionMask = 2147483647;
			files = (
				1809D47E2079F358006DEB88 /* ViewController.swift in Sources */,
				1809D47C2079F358006DEB88 /* AppDelegate.swift in Sources */,
			);
			runOnlyForDeploymentPostprocessing = 0;
		};
/* End PBXSourcesBuildPhase section */

/* Begin PBXVariantGroup section */
		1809D47F2079F358006DEB88 /* Main.storyboard */ = {
			isa = PBXVariantGroup;
			children = (
				1809D4802079F358006DEB88 /* Base */,
			);
			name = Main.storyboard;
			sourceTree = "<group>";
		};
		1809D4842079F359006DEB88 /* LaunchScreen.storyboard */ = {
			isa = PBXVariantGroup;
			children = (
				1809D4852079F359006DEB88 /* Base */,
			);
			name = LaunchScreen.storyboard;
			sourceTree = "<group>";
		};
/* End PBXVariantGroup section */

/* Begin XCBuildConfiguration section */
		1809D4882079F359006DEB88 /* Debug */ = {
			isa = XCBuildConfiguration;
			buildSettings = {
				ALWAYS_SEARCH_USER_PATHS = NO;
				CLANG_ANALYZER_NONNULL = YES;
				CLANG_ANALYZER_NUMBER_OBJECT_CONVERSION = YES_AGGRESSIVE;
				CLANG_CXX_LANGUAGE_STANDARD = "gnu++14";
				CLANG_CXX_LIBRARY = "libc++";
				CLANG_ENABLE_MODULES = YES;
				CLANG_ENABLE_OBJC_ARC = YES;
				CLANG_ENABLE_OBJC_WEAK = YES;
				CLANG_WARN_BLOCK_CAPTURE_AUTORELEASING = YES;
				CLANG_WARN_BOOL_CONVERSION = YES;
				CLANG_WARN_COMMA = YES;
				CLANG_WARN_CONSTANT_CONVERSION = YES;
				CLANG_WARN_DEPRECATED_OBJC_IMPLEMENTATIONS = YES;
				CLANG_WARN_DIRECT_OBJC_ISA_USAGE = YES_ERROR;
				CLANG_WARN_DOCUMENTATION_COMMENTS = YES;
				CLANG_WARN_EMPTY_BODY = YES;
				CLANG_WARN_ENUM_CONVERSION = YES;
				CLANG_WARN_INFINITE_RECURSION = YES;
				CLANG_WARN_INT_CONVERSION = YES;
				CLANG_WARN_NON_LITERAL_NULL_CONVERSION = YES;
				CLANG_WARN_OBJC_IMPLICIT_RETAIN_SELF = YES;
				CLANG_WARN_OBJC_LITERAL_CONVERSION = YES;
				CLANG_WARN_OBJC_ROOT_CLASS = YES_ERROR;
				CLANG_WARN_RANGE_LOOP_ANALYSIS = YES;
				CLANG_WARN_STRICT_PROTOTYPES = YES;
				CLANG_WARN_SUSPICIOUS_MOVE = YES;
				CLANG_WARN_UNGUARDED_AVAILABILITY = YES_AGGRESSIVE;
				CLANG_WARN_UNREACHABLE_CODE = YES;
				CLANG_WARN__DUPLICATE_METHOD_MATCH = YES;
				CODE_SIGN_IDENTITY = "iPhone Developer";
				COPY_PHASE_STRIP = NO;
				DEBUG_INFORMATION_FORMAT = dwarf;
				ENABLE_STRICT_OBJC_MSGSEND = YES;
				ENABLE_TESTABILITY = YES;
				GCC_C_LANGUAGE_STANDARD = gnu11;
				GCC_DYNAMIC_NO_PIC = NO;
				GCC_NO_COMMON_BLOCKS = YES;
				GCC_OPTIMIZATION_LEVEL = 0;
				GCC_PREPROCESSOR_DEFINITIONS = (
					"DEBUG=1",
					"$(inherited)",
				);
				GCC_WARN_64_TO_32_BIT_CONVERSION = YES;
				GCC_WARN_ABOUT_RETURN_TYPE = YES_ERROR;
				GCC_WARN_UNDECLARED_SELECTOR = YES;
				GCC_WARN_UNINITIALIZED_AUTOS = YES_AGGRESSIVE;
				GCC_WARN_UNUSED_FUNCTION = YES;
				GCC_WARN_UNUSED_VARIABLE = YES;
				IPHONEOS_DEPLOYMENT_TARGET = 11.3;
				MTL_ENABLE_DEBUG_INFO = YES;
				ONLY_ACTIVE_ARCH = YES;
				SDKROOT = iphoneos;
				SWIFT_ACTIVE_COMPILATION_CONDITIONS = DEBUG;
				SWIFT_OPTIMIZATION_LEVEL = "-Onone";
			};
			name = Debug;
		};
		1809D4892079F359006DEB88 /* Release */ = {
			isa = XCBuildConfiguration;
			buildSettings = {
				ALWAYS_SEARCH_USER_PATHS = NO;
				CLANG_ANALYZER_NONNULL = YES;
				CLANG_ANALYZER_NUMBER_OBJECT_CONVERSION = YES_AGGRESSIVE;
				CLANG_CXX_LANGUAGE_STANDARD = "gnu++14";
				CLANG_CXX_LIBRARY = "libc++";
				CLANG_ENABLE_MODULES = YES;
				CLANG_ENABLE_OBJC_ARC = YES;
				CLANG_ENABLE_OBJC_WEAK = YES;
				CLANG_WARN_BLOCK_CAPTURE_AUTORELEASING = YES;
				CLANG_WARN_BOOL_CONVERSION = YES;
				CLANG_WARN_COMMA = YES;
				CLANG_WARN_CONSTANT_CONVERSION = YES;
				CLANG_WARN_DEPRECATED_OBJC_IMPLEMENTATIONS = YES;
				CLANG_WARN_DIRECT_OBJC_ISA_USAGE = YES_ERROR;
				CLANG_WARN_DOCUMENTATION_COMMENTS = YES;
				CLANG_WARN_EMPTY_BODY = YES;
				CLANG_WARN_ENUM_CONVERSION = YES;
				CLANG_WARN_INFINITE_RECURSION = YES;
				CLANG_WARN_INT_CONVERSION = YES;
				CLANG_WARN_NON_LITERAL_NULL_CONVERSION = YES;
				CLANG_WARN_OBJC_IMPLICIT_RETAIN_SELF = YES;
				CLANG_WARN_OBJC_LITERAL_CONVERSION = YES;
				CLANG_WARN_OBJC_ROOT_CLASS = YES_ERROR;
				CLANG_WARN_RANGE_LOOP_ANALYSIS = YES;
				CLANG_WARN_STRICT_PROTOTYPES = YES;
				CLANG_WARN_SUSPICIOUS_MOVE = YES;
				CLANG_WARN_UNGUARDED_AVAILABILITY = YES_AGGRESSIVE;
				CLANG_WARN_UNREACHABLE_CODE = YES;
				CLANG_WARN__DUPLICATE_METHOD_MATCH = YES;
				CODE_SIGN_IDENTITY = "iPhone Developer";
				COPY_PHASE_STRIP = NO;
				DEBUG_INFORMATION_FORMAT = "dwarf-with-dsym";
				ENABLE_NS_ASSERTIONS = NO;
				ENABLE_STRICT_OBJC_MSGSEND = YES;
				GCC_C_LANGUAGE_STANDARD = gnu11;
				GCC_NO_COMMON_BLOCKS = YES;
				GCC_WARN_64_TO_32_BIT_CONVERSION = YES;
				GCC_WARN_ABOUT_RETURN_TYPE = YES_ERROR;
				GCC_WARN_UNDECLARED_SELECTOR = YES;
				GCC_WARN_UNINITIALIZED_AUTOS = YES_AGGRESSIVE;
				GCC_WARN_UNUSED_FUNCTION = YES;
				GCC_WARN_UNUSED_VARIABLE = YES;
				IPHONEOS_DEPLOYMENT_TARGET = 11.3;
				MTL_ENABLE_DEBUG_INFO = NO;
				SDKROOT = iphoneos;
				SWIFT_COMPILATION_MODE = wholemodule;
				SWIFT_OPTIMIZATION_LEVEL = "-O";
				VALIDATE_PRODUCT = YES;
			};
			name = Release;
		};
		1809D48B2079F359006DEB88 /* Debug */ = {
			isa = XCBuildConfiguration;
			baseConfigurationReference = 7D99E087E87709E30ACE466C /* Pods-YogaDemo.debug.xcconfig */;
			buildSettings = {
				ASSETCATALOG_COMPILER_APPICON_NAME = AppIcon;
				CODE_SIGN_STYLE = Automatic;
				DEVELOPMENT_TEAM = WEZ4TNATDY;
				INFOPLIST_FILE = YogaDemo/Info.plist;
				IPHONEOS_DEPLOYMENT_TARGET = 9.0;
				LD_RUNPATH_SEARCH_PATHS = "$(inherited) @executable_path/Frameworks";
				PRODUCT_BUNDLE_IDENTIFIER = Pszertlek.YogaDemo;
				PRODUCT_NAME = "$(TARGET_NAME)";
				SDKROOT = iphoneos11.3;
				SWIFT_VERSION = 4.0;
				TARGETED_DEVICE_FAMILY = "1,2";
			};
			name = Debug;
		};
		1809D48C2079F359006DEB88 /* Release */ = {
			isa = XCBuildConfiguration;
			baseConfigurationReference = 414481F855BEE27C80E05951 /* Pods-YogaDemo.release.xcconfig */;
			buildSettings = {
				ASSETCATALOG_COMPILER_APPICON_NAME = AppIcon;
				CODE_SIGN_STYLE = Automatic;
				DEVELOPMENT_TEAM = WEZ4TNATDY;
				INFOPLIST_FILE = YogaDemo/Info.plist;
				IPHONEOS_DEPLOYMENT_TARGET = 9.0;
				LD_RUNPATH_SEARCH_PATHS = "$(inherited) @executable_path/Frameworks";
				PRODUCT_BUNDLE_IDENTIFIER = Pszertlek.YogaDemo;
				PRODUCT_NAME = "$(TARGET_NAME)";
				SDKROOT = iphoneos11.3;
				SWIFT_VERSION = 4.0;
				TARGETED_DEVICE_FAMILY = "1,2";
			};
			name = Release;
		};
/* End XCBuildConfiguration section */

/* Begin XCConfigurationList section */
		1809D4732079F358006DEB88 /* Build configuration list for PBXProject "YogaDemo" */ = {
			isa = XCConfigurationList;
			buildConfigurations = (
				1809D4882079F359006DEB88 /* Debug */,
				1809D4892079F359006DEB88 /* Release */,
			);
			defaultConfigurationIsVisible = 0;
			defaultConfigurationName = Release;
		};
		1809D48A2079F359006DEB88 /* Build configuration list for PBXNativeTarget "YogaDemo" */ = {
			isa = XCConfigurationList;
			buildConfigurations = (
				1809D48B2079F359006DEB88 /* Debug */,
				1809D48C2079F359006DEB88 /* Release */,
			);
			defaultConfigurationIsVisible = 0;
			defaultConfigurationName = Release;
		};
/* End XCConfigurationList section */
	};
	rootObject = 1809D4702079F358006DEB88 /* Project object */;
}
